// !$*UTF8*$!
{
	archiveVersion = 1;
	classes = {
	};
	objectVersion = 46;
	objects = {

/* Begin PBXBuildFile section */
		BF9DBC601EFA05430079AA3C /* AppDelegate.swift in Sources */ = {isa = PBXBuildFile; fileRef = BF9DBC5F1EFA05430079AA3C /* AppDelegate.swift */; };
		BF9DBC621EFA05430079AA3C /* ViewController.swift in Sources */ = {isa = PBXBuildFile; fileRef = BF9DBC611EFA05430079AA3C /* ViewController.swift */; };
		BF9DBC651EFA05430079AA3C /* Main.storyboard in Resources */ = {isa = PBXBuildFile; fileRef = BF9DBC631EFA05430079AA3C /* Main.storyboard */; };
		BF9DBC671EFA05430079AA3C /* Assets.xcassets in Resources */ = {isa = PBXBuildFile; fileRef = BF9DBC661EFA05430079AA3C /* Assets.xcassets */; };
		BF9DBC6A1EFA05430079AA3C /* LaunchScreen.storyboard in Resources */ = {isa = PBXBuildFile; fileRef = BF9DBC681EFA05430079AA3C /* LaunchScreen.storyboard */; };
/* End PBXBuildFile section */

/* Begin PBXFileReference section */
		BF9DBC5C1EFA05430079AA3C /* Interview Practice.app */ = {isa = PBXFileReference; explicitFileType = wrapper.application; includeInIndex = 0; path = "Interview Practice.app"; sourceTree = BUILT_PRODUCTS_DIR; };
		BF9DBC5F1EFA05430079AA3C /* AppDelegate.swift */ = {isa = PBXFileReference; lastKnownFileType = sourcecode.swift; path = AppDelegate.swift; sourceTree = "<group>"; };
		BF9DBC611EFA05430079AA3C /* ViewController.swift */ = {isa = PBXFileReference; lastKnownFileType = sourcecode.swift; path = ViewController.swift; sourceTree = "<group>"; };
		BF9DBC641EFA05430079AA3C /* Base */ = {isa = PBXFileReference; lastKnownFileType = file.storyboard; name = Base; path = Base.lproj/Main.storyboard; sourceTree = "<group>"; };
		BF9DBC661EFA05430079AA3C /* Assets.xcassets */ = {isa = PBXFileReference; lastKnownFileType = folder.assetcatalog; path = Assets.xcassets; sourceTree = "<group>"; };
		BF9DBC691EFA05430079AA3C /* Base */ = {isa = PBXFileReference; lastKnownFileType = file.storyboard; name = Base; path = Base.lproj/LaunchScreen.storyboard; sourceTree = "<group>"; };
		BF9DBC6B1EFA05430079AA3C /* Info.plist */ = {isa = PBXFileReference; lastKnownFileType = text.plist.xml; path = Info.plist; sourceTree = "<group>"; };
/* End PBXFileReference section */

/* Begin PBXFrameworksBuildPhase section */
		BF9DBC591EFA05430079AA3C /* Frameworks */ = {
			isa = PBXFrameworksBuildPhase;
			buildActionMask = 2147483647;
			files = (
			);
			runOnlyForDeploymentPostprocessing = 0;
		};
/* End PBXFrameworksBuildPhase section */

/* Begin PBXGroup section */
		BF9DBC531EFA05430079AA3C = {
			isa = PBXGroup;
			children = (
				BF9DBC5E1EFA05430079AA3C /* Interview Practice */,
				BF9DBC5D1EFA05430079AA3C /* Products */,
			);
			sourceTree = "<group>";
		};
		BF9DBC5D1EFA05430079AA3C /* Products */ = {
			isa = PBXGroup;
			children = (
				BF9DBC5C1EFA05430079AA3C /* Interview Practice.app */,
			);
			name = Products;
			sourceTree = "<group>";
		};
		BF9DBC5E1EFA05430079AA3C /* Interview Practice */ = {
			isa = PBXGroup;
			children = (
				BF9DBC5F1EFA05430079AA3C /* AppDelegate.swift */,
				BF9DBC611EFA05430079AA3C /* ViewController.swift */,
				BF9DBC631EFA05430079AA3C /* Main.storyboard */,
				BF9DBC661EFA05430079AA3C /* Assets.xcassets */,
				BF9DBC681EFA05430079AA3C /* LaunchScreen.storyboard */,
				BF9DBC6B1EFA05430079AA3C /* Info.plist */,
			);
			path = "Interview Practice";
			sourceTree = "<group>";
		};
/* End PBXGroup section */

/* Begin PBXNativeTarget section */
		BF9DBC5B1EFA05430079AA3C /* Interview Practice */ = {
			isa = PBXNativeTarget;
			buildConfigurationList = BF9DBC6E1EFA05430079AA3C /* Build configuration list for PBXNativeTarget "Interview Practice" */;
			buildPhases = (
				BF9DBC581EFA05430079AA3C /* Sources */,
				BF9DBC591EFA05430079AA3C /* Frameworks */,
				BF9DBC5A1EFA05430079AA3C /* Resources */,
			);
			buildRules = (
			);
			dependencies = (
			);
			name = "Interview Practice";
			productName = "Interview Practice";
			productReference = BF9DBC5C1EFA05430079AA3C /* Interview Practice.app */;
			productType = "com.apple.product-type.application";
		};
/* End PBXNativeTarget section */

/* Begin PBXProject section */
		BF9DBC541EFA05430079AA3C /* Project object */ = {
			isa = PBXProject;
			attributes = {
				LastSwiftUpdateCheck = 0830;
				LastUpgradeCheck = 0830;
				ORGANIZATIONNAME = "Lu Ao";
				TargetAttributes = {
					BF9DBC5B1EFA05430079AA3C = {
						CreatedOnToolsVersion = 8.3.3;
						DevelopmentTeam = JC68KFVHSJ;
						ProvisioningStyle = Automatic;
					};
				};
			};
			buildConfigurationList = BF9DBC571EFA05430079AA3C /* Build configuration list for PBXProject "Interview Practice" */;
			compatibilityVersion = "Xcode 3.2";
			developmentRegion = English;
			hasScannedForEncodings = 0;
			knownRegions = (
				en,
				Base,
			);
			mainGroup = BF9DBC531EFA05430079AA3C;
			productRefGroup = BF9DBC5D1EFA05430079AA3C /* Products */;
			projectDirPath = "";
			projectRoot = "";
			targets = (
				BF9DBC5B1EFA05430079AA3C /* Interview Practice */,
			);
		};
/* End PBXProject section */

/* Begin PBXResourcesBuildPhase section */
		BF9DBC5A1EFA05430079AA3C /* Resources */ = {
			isa = PBXResourcesBuildPhase;
			buildActionMask = 2147483647;
			files = (
				BF9DBC6A1EFA05430079AA3C /* LaunchScreen.storyboard in Resources */,
				BF9DBC671EFA05430079AA3C /* Assets.xcassets in Resources */,
				BF9DBC651EFA05430079AA3C /* Main.storyboard in Resources */,
			);
			runOnlyForDeploymentPostprocessing = 0;
		};
/* End PBXResourcesBuildPhase section */

/* Begin PBXSourcesBuildPhase section */
		BF9DBC581EFA05430079AA3C /* Sources */ = {
			isa = PBXSourcesBuildPhase;
			buildActionMask = 2147483647;
			files = (
				BF9DBC621EFA05430079AA3C /* ViewController.swift in Sources */,
				BF9DBC601EFA05430079AA3C /* AppDelegate.swift in Sources */,
			);
			runOnlyForDeploymentPostprocessing = 0;
		};
/* End PBXSourcesBuildPhase section */

/* Begin PBXVariantGroup section */
		BF9DBC631EFA05430079AA3C /* Main.storyboard */ = {
			isa = PBXVariantGroup;
			children = (
				BF9DBC641EFA05430079AA3C /* Base */,
			);
			name = Main.storyboard;
			sourceTree = "<group>";
		};
		BF9DBC681EFA05430079AA3C /* LaunchScreen.storyboard */ = {
			isa = PBXVariantGroup;
			children = (
				BF9DBC691EFA05430079AA3C /* Base */,
			);
			name = LaunchScreen.storyboard;
			sourceTree = "<group>";
		};
/* End PBXVariantGroup section */

/* Begin XCBuildConfiguration section */
		BF9DBC6C1EFA05430079AA3C /* Debug */ = {
			isa = XCBuildConfiguration;
			buildSettings = {
				ALWAYS_SEARCH_USER_PATHS = NO;
				CLANG_ANALYZER_NONNULL = YES;
				CLANG_ANALYZER_NUMBER_OBJECT_CONVERSION = YES_AGGRESSIVE;
				CLANG_CXX_LANGUAGE_STANDARD = "gnu++0x";
				CLANG_CXX_LIBRARY = "libc++";
				CLANG_ENABLE_MODULES = YES;
				CLANG_ENABLE_OBJC_ARC = YES;
				CLANG_WARN_BOOL_CONVERSION = YES;
				CLANG_WARN_CONSTANT_CONVERSION = YES;
				CLANG_WARN_DIRECT_OBJC_ISA_USAGE = YES_ERROR;
				CLANG_WARN_DOCUMENTATION_COMMENTS = YES;
				CLANG_WARN_EMPTY_BODY = YES;
				CLANG_WARN_ENUM_CONVERSION = YES;
				CLANG_WARN_INFINITE_RECURSION = YES;
				CLANG_WARN_INT_CONVERSION = YES;
				CLANG_WARN_OBJC_ROOT_CLASS = YES_ERROR;
				CLANG_WARN_SUSPICIOUS_MOVE = YES;
				CLANG_WARN_UNREACHABLE_CODE = YES;
				CLANG_WARN__DUPLICATE_METHOD_MATCH = YES;
				"CODE_SIGN_IDENTITY[sdk=iphoneos*]" = "iPhone Developer";
				COPY_PHASE_STRIP = NO;
				DEBUG_INFORMATION_FORMAT = dwarf;
				ENABLE_STRICT_OBJC_MSGSEND = YES;
				ENABLE_TESTABILITY = YES;
				GCC_C_LANGUAGE_STANDARD = gnu99;
				GCC_DYNAMIC_NO_PIC = NO;
				GCC_NO_COMMON_BLOCKS = YES;
				GCC_OPTIMIZATION_LEVEL = 0;
				GCC_PREPROCESSOR_DEFINITIONS = (
					"DEBUG=1",
					"$(inherited)",
				);
				GCC_WARN_64_TO_32_BIT_CONVERSION = YES;
				GCC_WARN_ABOUT_RETURN_TYPE = YES_ERROR;
				GCC_WARN_UNDECLARED_SELECTOR = YES;
				GCC_WARN_UNINITIALIZED_AUTOS = YES_AGGRESSIVE;
				GCC_WARN_UNUSED_FUNCTION = YES;
				GCC_WARN_UNUSED_VARIABLE = YES;
				IPHONEOS_DEPLOYMENT_TARGET = 10.3;
				MTL_ENABLE_DEBUG_INFO = YES;
				ONLY_ACTIVE_ARCH = YES;
				SDKROOT = iphoneos;
				SWIFT_ACTIVE_COMPILATION_CONDITIONS = DEBUG;
				SWIFT_OPTIMIZATION_LEVEL = "-Onone";
				TARGETED_DEVICE_FAMILY = "1,2";
			};
			name = Debug;
		};
		BF9DBC6D1EFA05430079AA3C /* Release */ = {
			isa = XCBuildConfiguration;
			buildSettings = {
				ALWAYS_SEARCH_USER_PATHS = NO;
				CLANG_ANALYZER_NONNULL = YES;
				CLANG_ANALYZER_NUMBER_OBJECT_CONVERSION = YES_AGGRESSIVE;
				CLANG_CXX_LANGUAGE_STANDARD = "gnu++0x";
				CLANG_CXX_LIBRARY = "libc++";
				CLANG_ENABLE_MODULES = YES;
				CLANG_ENABLE_OBJC_ARC = YES;
				CLANG_WARN_BOOL_CONVERSION = YES;
				CLANG_WARN_CONSTANT_CONVERSION = YES;
				CLANG_WARN_DIRECT_OBJC_ISA_USAGE = YES_ERROR;
				CLANG_WARN_DOCUMENTATION_COMMENTS = YES;
				CLANG_WARN_EMPTY_BODY = YES;
				CLANG_WARN_ENUM_CONVERSION = YES;
				CLANG_WARN_INFINITE_RECURSION = YES;
				CLANG_WARN_INT_CONVERSION = YES;
				CLANG_WARN_OBJC_ROOT_CLASS = YES_ERROR;
				CLANG_WARN_SUSPICIOUS_MOVE = YES;
				CLANG_WARN_UNREACHABLE_CODE = YES;
				CLANG_WARN__DUPLICATE_METHOD_MATCH = YES;
				"CODE_SIGN_IDENTITY[sdk=iphoneos*]" = "iPhone Developer";
				COPY_PHASE_STRIP = NO;
				DEBUG_INFORMATION_FORMAT = "dwarf-with-dsym";
				ENABLE_NS_ASSERTIONS = NO;
				ENABLE_STRICT_OBJC_MSGSEND = YES;
				GCC_C_LANGUAGE_STANDARD = gnu99;
				GCC_NO_COMMON_BLOCKS = YES;
				GCC_WARN_64_TO_32_BIT_CONVERSION = YES;
				GCC_WARN_ABOUT_RETURN_TYPE = YES_ERROR;
				GCC_WARN_UNDECLARED_SELECTOR = YES;
				GCC_WARN_UNINITIALIZED_AUTOS = YES_AGGRESSIVE;
				GCC_WARN_UNUSED_FUNCTION = YES;
				GCC_WARN_UNUSED_VARIABLE = YES;
				IPHONEOS_DEPLOYMENT_TARGET = 10.3;
				MTL_ENABLE_DEBUG_INFO = NO;
				SDKROOT = iphoneos;
				SWIFT_OPTIMIZATION_LEVEL = "-Owholemodule";
				TARGETED_DEVICE_FAMILY = "1,2";
				VALIDATE_PRODUCT = YES;
			};
			name = Release;
		};
		BF9DBC6F1EFA05430079AA3C /* Debug */ = {
			isa = XCBuildConfiguration;
			buildSettings = {
				ASSETCATALOG_COMPILER_APPICON_NAME = AppIcon;
				DEVELOPMENT_TEAM = JC68KFVHSJ;
				INFOPLIST_FILE = "Interview Practice/Info.plist";
				LD_RUNPATH_SEARCH_PATHS = "$(inherited) @executable_path/Frameworks";
				PRODUCT_BUNDLE_IDENTIFIER = "com.op.Interview-Practice";
				PRODUCT_NAME = "$(TARGET_NAME)";
				SWIFT_VERSION = 3.0;
			};
			name = Debug;
		};
		BF9DBC701EFA05430079AA3C /* Release */ = {
			isa = XCBuildConfiguration;
			buildSettings = {
				ASSETCATALOG_COMPILER_APPICON_NAME = AppIcon;
				DEVELOPMENT_TEAM = JC68KFVHSJ;
				INFOPLIST_FILE = "Interview Practice/Info.plist";
				LD_RUNPATH_SEARCH_PATHS = "$(inherited) @executable_path/Frameworks";
				PRODUCT_BUNDLE_IDENTIFIER = "com.op.Interview-Practice";
				PRODUCT_NAME = "$(TARGET_NAME)";
				SWIFT_VERSION = 3.0;
			};
			name = Release;
		};
/* End XCBuildConfiguration section */

/* Begin XCConfigurationList section */
		BF9DBC571EFA05430079AA3C /* Build configuration list for PBXProject "Interview Practice" */ = {
			isa = XCConfigurationList;
			buildConfigurations = (
				BF9DBC6C1EFA05430079AA3C /* Debug */,
				BF9DBC6D1EFA05430079AA3C /* Release */,
			);
			defaultConfigurationIsVisible = 0;
			defaultConfigurationName = Release;
		};
		BF9DBC6E1EFA05430079AA3C /* Build configuration list for PBXNativeTarget "Interview Practice" */ = {
			isa = XCConfigurationList;
			buildConfigurations = (
				BF9DBC6F1EFA05430079AA3C /* Debug */,
				BF9DBC701EFA05430079AA3C /* Release */,
			);
			defaultConfigurationIsVisible = 0;
		};
/* End XCConfigurationList section */
	};
	rootObject = BF9DBC541EFA05430079AA3C /* Project object */;
}
